// !$*UTF8*$!
{
	archiveVersion = 1;
	classes = {
	};
	objectVersion = 48;
	objects = {

/* Begin PBXBuildFile section */
		CEC3BBC8206354CE0003CF06 /* BBGestureBackConst.m in Sources */ = {isa = PBXBuildFile; fileRef = CEC3BBC7206354CE0003CF06 /* BBGestureBackConst.m */; };
		CEDECB9C205CC3CD00C08340 /* Assets.xcassets in Resources */ = {isa = PBXBuildFile; fileRef = CEDECB9B205CC3CD00C08340 /* Assets.xcassets */; };
		CEDECB9F205CC3CD00C08340 /* LaunchScreen.storyboard in Resources */ = {isa = PBXBuildFile; fileRef = CEDECB9D205CC3CD00C08340 /* LaunchScreen.storyboard */; };
		CEDECBA2205CC3CD00C08340 /* main.m in Sources */ = {isa = PBXBuildFile; fileRef = CEDECBA1205CC3CD00C08340 /* main.m */; };
		CEDECBCD205CC54D00C08340 /* ViewController.m in Sources */ = {isa = PBXBuildFile; fileRef = CEDECBC7205CC54D00C08340 /* ViewController.m */; };
		CEDECBCE205CC54D00C08340 /* AppDelegate.m in Sources */ = {isa = PBXBuildFile; fileRef = CEDECBCA205CC54D00C08340 /* AppDelegate.m */; };
		CEDECBD2205CC76800C08340 /* BBTabBarController.m in Sources */ = {isa = PBXBuildFile; fileRef = CEDECBD1205CC76800C08340 /* BBTabBarController.m */; };
		CEDECBD7205CC82800C08340 /* HomeViewController.m in Sources */ = {isa = PBXBuildFile; fileRef = CEDECBD6205CC82800C08340 /* HomeViewController.m */; };
		CEDECBDB205CC8BC00C08340 /* BBNavigationController.m in Sources */ = {isa = PBXBuildFile; fileRef = CEDECBDA205CC8BC00C08340 /* BBNavigationController.m */; };
		CEDECBE0205CC94100C08340 /* UserViewController.m in Sources */ = {isa = PBXBuildFile; fileRef = CEDECBDF205CC94100C08340 /* UserViewController.m */; };
		CEDECBE3205CCA4100C08340 /* BBGestureBaseController.m in Sources */ = {isa = PBXBuildFile; fileRef = CEDECBE2205CCA4100C08340 /* BBGestureBaseController.m */; };
		CFD0E96E207A621C00E58465 /* AppDelegate.swift in Sources */ = {isa = PBXBuildFile; fileRef = CFD0E96D207A621C00E58465 /* AppDelegate.swift */; };
		CFD0E970207A621C00E58465 /* ViewController.swift in Sources */ = {isa = PBXBuildFile; fileRef = CFD0E96F207A621C00E58465 /* ViewController.swift */; };
		CFD0E973207A621C00E58465 /* Main.storyboard in Resources */ = {isa = PBXBuildFile; fileRef = CFD0E971207A621C00E58465 /* Main.storyboard */; };
		CFD0E975207A621C00E58465 /* Assets.xcassets in Resources */ = {isa = PBXBuildFile; fileRef = CFD0E974207A621C00E58465 /* Assets.xcassets */; };
		CFD0E978207A621C00E58465 /* LaunchScreen.storyboard in Resources */ = {isa = PBXBuildFile; fileRef = CFD0E976207A621C00E58465 /* LaunchScreen.storyboard */; };
/* End PBXBuildFile section */

/* Begin PBXFileReference section */
		CEC3BBC6206354AC0003CF06 /* BBGestureBackConst.h */ = {isa = PBXFileReference; fileEncoding = 4; lastKnownFileType = sourcecode.c.h; path = BBGestureBackConst.h; sourceTree = "<group>"; };
		CEC3BBC7206354CE0003CF06 /* BBGestureBackConst.m */ = {isa = PBXFileReference; fileEncoding = 4; lastKnownFileType = sourcecode.c.objc; path = BBGestureBackConst.m; sourceTree = "<group>"; };
		CEDECB8F205CC3CD00C08340 /* BBGestureBack_Full_oc.app */ = {isa = PBXFileReference; explicitFileType = wrapper.application; includeInIndex = 0; path = BBGestureBack_Full_oc.app; sourceTree = BUILT_PRODUCTS_DIR; };
		CEDECB9B205CC3CD00C08340 /* Assets.xcassets */ = {isa = PBXFileReference; lastKnownFileType = folder.assetcatalog; path = Assets.xcassets; sourceTree = "<group>"; };
		CEDECB9E205CC3CD00C08340 /* Base */ = {isa = PBXFileReference; lastKnownFileType = file.storyboard; name = Base; path = Base.lproj/LaunchScreen.storyboard; sourceTree = "<group>"; };
		CEDECBA0205CC3CD00C08340 /* Info.plist */ = {isa = PBXFileReference; lastKnownFileType = text.plist.xml; path = Info.plist; sourceTree = "<group>"; };
		CEDECBA1205CC3CD00C08340 /* main.m */ = {isa = PBXFileReference; lastKnownFileType = sourcecode.c.objc; path = main.m; sourceTree = "<group>"; };
		CEDECBC6205CC54D00C08340 /* ViewController.h */ = {isa = PBXFileReference; fileEncoding = 4; lastKnownFileType = sourcecode.c.h; path = ViewController.h; sourceTree = "<group>"; };
		CEDECBC7205CC54D00C08340 /* ViewController.m */ = {isa = PBXFileReference; fileEncoding = 4; lastKnownFileType = sourcecode.c.objc; path = ViewController.m; sourceTree = "<group>"; };
		CEDECBC9205CC54D00C08340 /* AppDelegate.h */ = {isa = PBXFileReference; fileEncoding = 4; lastKnownFileType = sourcecode.c.h; path = AppDelegate.h; sourceTree = "<group>"; };
		CEDECBCA205CC54D00C08340 /* AppDelegate.m */ = {isa = PBXFileReference; fileEncoding = 4; lastKnownFileType = sourcecode.c.objc; path = AppDelegate.m; sourceTree = "<group>"; };
		CEDECBD0205CC76800C08340 /* BBTabBarController.h */ = {isa = PBXFileReference; lastKnownFileType = sourcecode.c.h; path = BBTabBarController.h; sourceTree = "<group>"; };
		CEDECBD1205CC76800C08340 /* BBTabBarController.m */ = {isa = PBXFileReference; lastKnownFileType = sourcecode.c.objc; path = BBTabBarController.m; sourceTree = "<group>"; };
		CEDECBD5205CC82800C08340 /* HomeViewController.h */ = {isa = PBXFileReference; lastKnownFileType = sourcecode.c.h; path = HomeViewController.h; sourceTree = "<group>"; };
		CEDECBD6205CC82800C08340 /* HomeViewController.m */ = {isa = PBXFileReference; lastKnownFileType = sourcecode.c.objc; path = HomeViewController.m; sourceTree = "<group>"; };
		CEDECBD9205CC8BC00C08340 /* BBNavigationController.h */ = {isa = PBXFileReference; lastKnownFileType = sourcecode.c.h; path = BBNavigationController.h; sourceTree = "<group>"; };
		CEDECBDA205CC8BC00C08340 /* BBNavigationController.m */ = {isa = PBXFileReference; lastKnownFileType = sourcecode.c.objc; path = BBNavigationController.m; sourceTree = "<group>"; };
		CEDECBDE205CC94100C08340 /* UserViewController.h */ = {isa = PBXFileReference; lastKnownFileType = sourcecode.c.h; path = UserViewController.h; sourceTree = "<group>"; };
		CEDECBDF205CC94100C08340 /* UserViewController.m */ = {isa = PBXFileReference; lastKnownFileType = sourcecode.c.objc; path = UserViewController.m; sourceTree = "<group>"; };
		CEDECBE1205CCA4100C08340 /* BBGestureBaseController.h */ = {isa = PBXFileReference; lastKnownFileType = sourcecode.c.h; path = BBGestureBaseController.h; sourceTree = "<group>"; };
		CEDECBE2205CCA4100C08340 /* BBGestureBaseController.m */ = {isa = PBXFileReference; lastKnownFileType = sourcecode.c.objc; path = BBGestureBaseController.m; sourceTree = "<group>"; };
		CFD0E96B207A621C00E58465 /* BBGestureBack_Full_swift.app */ = {isa = PBXFileReference; explicitFileType = wrapper.application; includeInIndex = 0; path = BBGestureBack_Full_swift.app; sourceTree = BUILT_PRODUCTS_DIR; };
		CFD0E96D207A621C00E58465 /* AppDelegate.swift */ = {isa = PBXFileReference; lastKnownFileType = sourcecode.swift; path = AppDelegate.swift; sourceTree = "<group>"; };
		CFD0E96F207A621C00E58465 /* ViewController.swift */ = {isa = PBXFileReference; lastKnownFileType = sourcecode.swift; path = ViewController.swift; sourceTree = "<group>"; };
		CFD0E972207A621C00E58465 /* Base */ = {isa = PBXFileReference; lastKnownFileType = file.storyboard; name = Base; path = Base.lproj/Main.storyboard; sourceTree = "<group>"; };
		CFD0E974207A621C00E58465 /* Assets.xcassets */ = {isa = PBXFileReference; lastKnownFileType = folder.assetcatalog; path = Assets.xcassets; sourceTree = "<group>"; };
		CFD0E977207A621C00E58465 /* Base */ = {isa = PBXFileReference; lastKnownFileType = file.storyboard; name = Base; path = Base.lproj/LaunchScreen.storyboard; sourceTree = "<group>"; };
		CFD0E979207A621C00E58465 /* Info.plist */ = {isa = PBXFileReference; lastKnownFileType = text.plist.xml; path = Info.plist; sourceTree = "<group>"; };
/* End PBXFileReference section */

/* Begin PBXFrameworksBuildPhase section */
		CEDECB8C205CC3CD00C08340 /* Frameworks */ = {
			isa = PBXFrameworksBuildPhase;
			buildActionMask = 2147483647;
			files = (
			);
			runOnlyForDeploymentPostprocessing = 0;
		};
		CFD0E968207A621C00E58465 /* Frameworks */ = {
			isa = PBXFrameworksBuildPhase;
			buildActionMask = 2147483647;
			files = (
			);
			runOnlyForDeploymentPostprocessing = 0;
		};
/* End PBXFrameworksBuildPhase section */

/* Begin PBXGroup section */
		CEDECB86205CC3CD00C08340 = {
			isa = PBXGroup;
			children = (
				CEDECB91205CC3CD00C08340 /* BBGestureBack_Full_oc */,
				CFD0E96C207A621C00E58465 /* BBGestureBack_Full_swift */,
				CEDECB90205CC3CD00C08340 /* Products */,
			);
			sourceTree = "<group>";
		};
		CEDECB90205CC3CD00C08340 /* Products */ = {
			isa = PBXGroup;
			children = (
				CEDECB8F205CC3CD00C08340 /* BBGestureBack_Full_oc.app */,
				CFD0E96B207A621C00E58465 /* BBGestureBack_Full_swift.app */,
			);
			name = Products;
			sourceTree = "<group>";
		};
		CEDECB91205CC3CD00C08340 /* BBGestureBack_Full_oc */ = {
			isa = PBXGroup;
			children = (
				CEDECBC4205CC54D00C08340 /* Classes */,
				CEDECB9B205CC3CD00C08340 /* Assets.xcassets */,
				CEDECB9D205CC3CD00C08340 /* LaunchScreen.storyboard */,
				CEDECBA0205CC3CD00C08340 /* Info.plist */,
				CEDECBA1205CC3CD00C08340 /* main.m */,
			);
			path = BBGestureBack_Full_oc;
			sourceTree = "<group>";
		};
		CEDECBC4205CC54D00C08340 /* Classes */ = {
			isa = PBXGroup;
			children = (
				CEDECBC5205CC54D00C08340 /* Home */,
				CEDECBDC205CC90F00C08340 /* User */,
				CEDECBC8205CC54D00C08340 /* Main */,
			);
			path = Classes;
			sourceTree = "<group>";
		};
		CEDECBC5205CC54D00C08340 /* Home */ = {
			isa = PBXGroup;
			children = (
				CEDECBD3205CC7F500C08340 /* Index */,
				CEDECBC6205CC54D00C08340 /* ViewController.h */,
				CEDECBC7205CC54D00C08340 /* ViewController.m */,
			);
			path = Home;
			sourceTree = "<group>";
		};
		CEDECBC8205CC54D00C08340 /* Main */ = {
			isa = PBXGroup;
			children = (
				CEDECBC9205CC54D00C08340 /* AppDelegate.h */,
				CEDECBCA205CC54D00C08340 /* AppDelegate.m */,
				CEDECBD8205CC88500C08340 /* BBNavigation */,
				CEDECBCB205CC54D00C08340 /* BBGestureBack */,
				CEDECBCF205CC72C00C08340 /* BBTabBar */,
			);
			path = Main;
			sourceTree = "<group>";
		};
		CEDECBCB205CC54D00C08340 /* BBGestureBack */ = {
			isa = PBXGroup;
			children = (
				CEC3BBC6206354AC0003CF06 /* BBGestureBackConst.h */,
				CEC3BBC7206354CE0003CF06 /* BBGestureBackConst.m */,
				CEDECBE1205CCA4100C08340 /* BBGestureBaseController.h */,
				CEDECBE2205CCA4100C08340 /* BBGestureBaseController.m */,
			);
			path = BBGestureBack;
			sourceTree = "<group>";
		};
		CEDECBCF205CC72C00C08340 /* BBTabBar */ = {
			isa = PBXGroup;
			children = (
				CEDECBD0205CC76800C08340 /* BBTabBarController.h */,
				CEDECBD1205CC76800C08340 /* BBTabBarController.m */,
			);
			path = BBTabBar;
			sourceTree = "<group>";
		};
		CEDECBD3205CC7F500C08340 /* Index */ = {
			isa = PBXGroup;
			children = (
				CEDECBD5205CC82800C08340 /* HomeViewController.h */,
				CEDECBD6205CC82800C08340 /* HomeViewController.m */,
			);
			path = Index;
			sourceTree = "<group>";
		};
		CEDECBD8205CC88500C08340 /* BBNavigation */ = {
			isa = PBXGroup;
			children = (
				CEDECBD9205CC8BC00C08340 /* BBNavigationController.h */,
				CEDECBDA205CC8BC00C08340 /* BBNavigationController.m */,
			);
			path = BBNavigation;
			sourceTree = "<group>";
		};
		CEDECBDC205CC90F00C08340 /* User */ = {
			isa = PBXGroup;
			children = (
				CEDECBDD205CC92300C08340 /* Index */,
			);
			path = User;
			sourceTree = "<group>";
		};
		CEDECBDD205CC92300C08340 /* Index */ = {
			isa = PBXGroup;
			children = (
				CEDECBDE205CC94100C08340 /* UserViewController.h */,
				CEDECBDF205CC94100C08340 /* UserViewController.m */,
			);
			path = Index;
			sourceTree = "<group>";
		};
		CFD0E96C207A621C00E58465 /* BBGestureBack_Full_swift */ = {
			isa = PBXGroup;
			children = (
				CFD0E96D207A621C00E58465 /* AppDelegate.swift */,
				CFD0E96F207A621C00E58465 /* ViewController.swift */,
				CFD0E971207A621C00E58465 /* Main.storyboard */,
				CFD0E974207A621C00E58465 /* Assets.xcassets */,
				CFD0E976207A621C00E58465 /* LaunchScreen.storyboard */,
				CFD0E979207A621C00E58465 /* Info.plist */,
			);
			path = BBGestureBack_Full_swift;
			sourceTree = "<group>";
		};
/* End PBXGroup section */

/* Begin PBXNativeTarget section */
		CEDECB8E205CC3CD00C08340 /* BBGestureBack_Full_oc */ = {
			isa = PBXNativeTarget;
			buildConfigurationList = CEDECBBB205CC3CD00C08340 /* Build configuration list for PBXNativeTarget "BBGestureBack_Full_oc" */;
			buildPhases = (
				CEDECB8B205CC3CD00C08340 /* Sources */,
				CEDECB8C205CC3CD00C08340 /* Frameworks */,
				CEDECB8D205CC3CD00C08340 /* Resources */,
			);
			buildRules = (
			);
			dependencies = (
			);
			name = BBGestureBack_Full_oc;
			productName = BBGestureBack;
			productReference = CEDECB8F205CC3CD00C08340 /* BBGestureBack_Full_oc.app */;
			productType = "com.apple.product-type.application";
		};
		CFD0E96A207A621C00E58465 /* BBGestureBack_Full_swift */ = {
			isa = PBXNativeTarget;
			buildConfigurationList = CFD0E996207A621D00E58465 /* Build configuration list for PBXNativeTarget "BBGestureBack_Full_swift" */;
			buildPhases = (
				CFD0E967207A621C00E58465 /* Sources */,
				CFD0E968207A621C00E58465 /* Frameworks */,
				CFD0E969207A621C00E58465 /* Resources */,
			);
			buildRules = (
			);
			dependencies = (
			);
			name = BBGestureBack_Full_swift;
			productName = BBGestureBack_Full_swift;
			productReference = CFD0E96B207A621C00E58465 /* BBGestureBack_Full_swift.app */;
			productType = "com.apple.product-type.application";
		};
/* End PBXNativeTarget section */

/* Begin PBXProject section */
		CEDECB87205CC3CD00C08340 /* Project object */ = {
			isa = PBXProject;
			attributes = {
				LastSwiftUpdateCheck = 0920;
				LastUpgradeCheck = 0920;
				ORGANIZATIONNAME = Bonway;
				TargetAttributes = {
					CEDECB8E205CC3CD00C08340 = {
						CreatedOnToolsVersion = 9.2;
						ProvisioningStyle = Automatic;
					};
					CFD0E96A207A621C00E58465 = {
						CreatedOnToolsVersion = 9.2;
						ProvisioningStyle = Automatic;
					};
				};
			};
			buildConfigurationList = CEDECB8A205CC3CD00C08340 /* Build configuration list for PBXProject "BBGestureBack" */;
			compatibilityVersion = "Xcode 8.0";
			developmentRegion = en;
			hasScannedForEncodings = 0;
			knownRegions = (
				en,
				Base,
			);
			mainGroup = CEDECB86205CC3CD00C08340;
			productRefGroup = CEDECB90205CC3CD00C08340 /* Products */;
			projectDirPath = "";
			projectRoot = "";
			targets = (
				CEDECB8E205CC3CD00C08340 /* BBGestureBack_Full_oc */,
				CFD0E96A207A621C00E58465 /* BBGestureBack_Full_swift */,
			);
		};
/* End PBXProject section */

/* Begin PBXResourcesBuildPhase section */
		CEDECB8D205CC3CD00C08340 /* Resources */ = {
			isa = PBXResourcesBuildPhase;
			buildActionMask = 2147483647;
			files = (
				CEDECB9F205CC3CD00C08340 /* LaunchScreen.storyboard in Resources */,
				CEDECB9C205CC3CD00C08340 /* Assets.xcassets in Resources */,
			);
			runOnlyForDeploymentPostprocessing = 0;
		};
		CFD0E969207A621C00E58465 /* Resources */ = {
			isa = PBXResourcesBuildPhase;
			buildActionMask = 2147483647;
			files = (
				CFD0E978207A621C00E58465 /* LaunchScreen.storyboard in Resources */,
				CFD0E975207A621C00E58465 /* Assets.xcassets in Resources */,
				CFD0E973207A621C00E58465 /* Main.storyboard in Resources */,
			);
			runOnlyForDeploymentPostprocessing = 0;
		};
/* End PBXResourcesBuildPhase section */

/* Begin PBXSourcesBuildPhase section */
		CEDECB8B205CC3CD00C08340 /* Sources */ = {
			isa = PBXSourcesBuildPhase;
			buildActionMask = 2147483647;
			files = (
				CEDECBE0205CC94100C08340 /* UserViewController.m in Sources */,
				CEDECBCD205CC54D00C08340 /* ViewController.m in Sources */,
				CEDECBA2205CC3CD00C08340 /* main.m in Sources */,
				CEDECBCE205CC54D00C08340 /* AppDelegate.m in Sources */,
				CEDECBD7205CC82800C08340 /* HomeViewController.m in Sources */,
				CEC3BBC8206354CE0003CF06 /* BBGestureBackConst.m in Sources */,
				CEDECBD2205CC76800C08340 /* BBTabBarController.m in Sources */,
				CEDECBE3205CCA4100C08340 /* BBGestureBaseController.m in Sources */,
				CEDECBDB205CC8BC00C08340 /* BBNavigationController.m in Sources */,
			);
			runOnlyForDeploymentPostprocessing = 0;
		};
		CFD0E967207A621C00E58465 /* Sources */ = {
			isa = PBXSourcesBuildPhase;
			buildActionMask = 2147483647;
			files = (
				CFD0E970207A621C00E58465 /* ViewController.swift in Sources */,
				CFD0E96E207A621C00E58465 /* AppDelegate.swift in Sources */,
			);
			runOnlyForDeploymentPostprocessing = 0;
		};
/* End PBXSourcesBuildPhase section */

/* Begin PBXVariantGroup section */
		CEDECB9D205CC3CD00C08340 /* LaunchScreen.storyboard */ = {
			isa = PBXVariantGroup;
			children = (
				CEDECB9E205CC3CD00C08340 /* Base */,
			);
			name = LaunchScreen.storyboard;
			sourceTree = "<group>";
		};
		CFD0E971207A621C00E58465 /* Main.storyboard */ = {
			isa = PBXVariantGroup;
			children = (
				CFD0E972207A621C00E58465 /* Base */,
			);
			name = Main.storyboard;
			sourceTree = "<group>";
		};
		CFD0E976207A621C00E58465 /* LaunchScreen.storyboard */ = {
			isa = PBXVariantGroup;
			children = (
				CFD0E977207A621C00E58465 /* Base */,
			);
			name = LaunchScreen.storyboard;
			sourceTree = "<group>";
		};
/* End PBXVariantGroup section */

/* Begin XCBuildConfiguration section */
		CEDECBB9205CC3CD00C08340 /* Debug */ = {
			isa = XCBuildConfiguration;
			buildSettings = {
				ALWAYS_SEARCH_USER_PATHS = NO;
				CLANG_ANALYZER_NONNULL = YES;
				CLANG_ANALYZER_NUMBER_OBJECT_CONVERSION = YES_AGGRESSIVE;
				CLANG_CXX_LANGUAGE_STANDARD = "gnu++14";
				CLANG_CXX_LIBRARY = "libc++";
				CLANG_ENABLE_MODULES = YES;
				CLANG_ENABLE_OBJC_ARC = YES;
				CLANG_WARN_BLOCK_CAPTURE_AUTORELEASING = YES;
				CLANG_WARN_BOOL_CONVERSION = YES;
				CLANG_WARN_COMMA = YES;
				CLANG_WARN_CONSTANT_CONVERSION = YES;
				CLANG_WARN_DIRECT_OBJC_ISA_USAGE = YES_ERROR;
				CLANG_WARN_DOCUMENTATION_COMMENTS = YES;
				CLANG_WARN_EMPTY_BODY = YES;
				CLANG_WARN_ENUM_CONVERSION = YES;
				CLANG_WARN_INFINITE_RECURSION = YES;
				CLANG_WARN_INT_CONVERSION = YES;
				CLANG_WARN_NON_LITERAL_NULL_CONVERSION = YES;
				CLANG_WARN_OBJC_LITERAL_CONVERSION = YES;
				CLANG_WARN_OBJC_ROOT_CLASS = YES_ERROR;
				CLANG_WARN_RANGE_LOOP_ANALYSIS = YES;
				CLANG_WARN_STRICT_PROTOTYPES = YES;
				CLANG_WARN_SUSPICIOUS_MOVE = YES;
				CLANG_WARN_UNGUARDED_AVAILABILITY = YES_AGGRESSIVE;
				CLANG_WARN_UNREACHABLE_CODE = YES;
				CLANG_WARN__DUPLICATE_METHOD_MATCH = YES;
				CODE_SIGN_IDENTITY = "iPhone Developer";
				COPY_PHASE_STRIP = NO;
				DEBUG_INFORMATION_FORMAT = dwarf;
				ENABLE_STRICT_OBJC_MSGSEND = YES;
				ENABLE_TESTABILITY = YES;
				GCC_C_LANGUAGE_STANDARD = gnu11;
				GCC_DYNAMIC_NO_PIC = NO;
				GCC_NO_COMMON_BLOCKS = YES;
				GCC_OPTIMIZATION_LEVEL = 0;
				GCC_PREPROCESSOR_DEFINITIONS = (
					"DEBUG=1",
					"$(inherited)",
				);
				GCC_WARN_64_TO_32_BIT_CONVERSION = YES;
				GCC_WARN_ABOUT_RETURN_TYPE = YES_ERROR;
				GCC_WARN_UNDECLARED_SELECTOR = YES;
				GCC_WARN_UNINITIALIZED_AUTOS = YES_AGGRESSIVE;
				GCC_WARN_UNUSED_FUNCTION = YES;
				GCC_WARN_UNUSED_VARIABLE = YES;
				IPHONEOS_DEPLOYMENT_TARGET = 11.2;
				MTL_ENABLE_DEBUG_INFO = YES;
				ONLY_ACTIVE_ARCH = YES;
				SDKROOT = iphoneos;
			};
			name = Debug;
		};
		CEDECBBA205CC3CD00C08340 /* Release */ = {
			isa = XCBuildConfiguration;
			buildSettings = {
				ALWAYS_SEARCH_USER_PATHS = NO;
				CLANG_ANALYZER_NONNULL = YES;
				CLANG_ANALYZER_NUMBER_OBJECT_CONVERSION = YES_AGGRESSIVE;
				CLANG_CXX_LANGUAGE_STANDARD = "gnu++14";
				CLANG_CXX_LIBRARY = "libc++";
				CLANG_ENABLE_MODULES = YES;
				CLANG_ENABLE_OBJC_ARC = YES;
				CLANG_WARN_BLOCK_CAPTURE_AUTORELEASING = YES;
				CLANG_WARN_BOOL_CONVERSION = YES;
				CLANG_WARN_COMMA = YES;
				CLANG_WARN_CONSTANT_CONVERSION = YES;
				CLANG_WARN_DIRECT_OBJC_ISA_USAGE = YES_ERROR;
				CLANG_WARN_DOCUMENTATION_COMMENTS = YES;
				CLANG_WARN_EMPTY_BODY = YES;
				CLANG_WARN_ENUM_CONVERSION = YES;
				CLANG_WARN_INFINITE_RECURSION = YES;
				CLANG_WARN_INT_CONVERSION = YES;
				CLANG_WARN_NON_LITERAL_NULL_CONVERSION = YES;
				CLANG_WARN_OBJC_LITERAL_CONVERSION = YES;
				CLANG_WARN_OBJC_ROOT_CLASS = YES_ERROR;
				CLANG_WARN_RANGE_LOOP_ANALYSIS = YES;
				CLANG_WARN_STRICT_PROTOTYPES = YES;
				CLANG_WARN_SUSPICIOUS_MOVE = YES;
				CLANG_WARN_UNGUARDED_AVAILABILITY = YES_AGGRESSIVE;
				CLANG_WARN_UNREACHABLE_CODE = YES;
				CLANG_WARN__DUPLICATE_METHOD_MATCH = YES;
				CODE_SIGN_IDENTITY = "iPhone Developer";
				COPY_PHASE_STRIP = NO;
				DEBUG_INFORMATION_FORMAT = "dwarf-with-dsym";
				ENABLE_NS_ASSERTIONS = NO;
				ENABLE_STRICT_OBJC_MSGSEND = YES;
				GCC_C_LANGUAGE_STANDARD = gnu11;
				GCC_NO_COMMON_BLOCKS = YES;
				GCC_WARN_64_TO_32_BIT_CONVERSION = YES;
				GCC_WARN_ABOUT_RETURN_TYPE = YES_ERROR;
				GCC_WARN_UNDECLARED_SELECTOR = YES;
				GCC_WARN_UNINITIALIZED_AUTOS = YES_AGGRESSIVE;
				GCC_WARN_UNUSED_FUNCTION = YES;
				GCC_WARN_UNUSED_VARIABLE = YES;
				IPHONEOS_DEPLOYMENT_TARGET = 11.2;
				MTL_ENABLE_DEBUG_INFO = NO;
				SDKROOT = iphoneos;
				VALIDATE_PRODUCT = YES;
			};
			name = Release;
		};
		CEDECBBC205CC3CD00C08340 /* Debug */ = {
			isa = XCBuildConfiguration;
			buildSettings = {
				ASSETCATALOG_COMPILER_APPICON_NAME = AppIcon;
				CODE_SIGN_STYLE = Automatic;
				INFOPLIST_FILE = "$(SRCROOT)/BBGestureBack_Full_oc/Info.plist";
				IPHONEOS_DEPLOYMENT_TARGET = 7.0;
				LD_RUNPATH_SEARCH_PATHS = "$(inherited) @executable_path/Frameworks";
				PRODUCT_BUNDLE_IDENTIFIER = Bonway.com.gestureBack;
				PRODUCT_NAME = "$(TARGET_NAME)";
				TARGETED_DEVICE_FAMILY = "1,2";
			};
			name = Debug;
		};
		CEDECBBD205CC3CD00C08340 /* Release */ = {
			isa = XCBuildConfiguration;
			buildSettings = {
				ASSETCATALOG_COMPILER_APPICON_NAME = AppIcon;
				CODE_SIGN_STYLE = Automatic;
				INFOPLIST_FILE = "$(SRCROOT)/BBGestureBack_Full_oc/Info.plist";
				IPHONEOS_DEPLOYMENT_TARGET = 7.0;
				LD_RUNPATH_SEARCH_PATHS = "$(inherited) @executable_path/Frameworks";
				PRODUCT_BUNDLE_IDENTIFIER = Bonway.com.gestureBack;
				PRODUCT_NAME = "$(TARGET_NAME)";
				TARGETED_DEVICE_FAMILY = "1,2";
			};
			name = Release;
		};
		CFD0E990207A621D00E58465 /* Debug */ = {
			isa = XCBuildConfiguration;
			buildSettings = {
				ASSETCATALOG_COMPILER_APPICON_NAME = AppIcon;
				CODE_SIGN_STYLE = Automatic;
				INFOPLIST_FILE = BBGestureBack_Full_swift/Info.plist;
				LD_RUNPATH_SEARCH_PATHS = "$(inherited) @executable_path/Frameworks";
				PRODUCT_BUNDLE_IDENTIFIER = "com.Bonway.BBGestureBack-Full-swift";
				PRODUCT_NAME = "$(TARGET_NAME)";
				SWIFT_ACTIVE_COMPILATION_CONDITIONS = DEBUG;
				SWIFT_OPTIMIZATION_LEVEL = "-Onone";
				SWIFT_VERSION = 4.0;
				TARGETED_DEVICE_FAMILY = "1,2";
			};
			name = Debug;
		};
		CFD0E991207A621D00E58465 /* Release */ = {
			isa = XCBuildConfiguration;
			buildSettings = {
				ASSETCATALOG_COMPILER_APPICON_NAME = AppIcon;
				CODE_SIGN_STYLE = Automatic;
				INFOPLIST_FILE = BBGestureBack_Full_swift/Info.plist;
				LD_RUNPATH_SEARCH_PATHS = "$(inherited) @executable_path/Frameworks";
				PRODUCT_BUNDLE_IDENTIFIER = "com.Bonway.BBGestureBack-Full-swift";
				PRODUCT_NAME = "$(TARGET_NAME)";
				SWIFT_OPTIMIZATION_LEVEL = "-Owholemodule";
				SWIFT_VERSION = 4.0;
				TARGETED_DEVICE_FAMILY = "1,2";
			};
			name = Release;
		};
/* End XCBuildConfiguration section */

/* Begin XCConfigurationList section */
		CEDECB8A205CC3CD00C08340 /* Build configuration list for PBXProject "BBGestureBack" */ = {
			isa = XCConfigurationList;
			buildConfigurations = (
				CEDECBB9205CC3CD00C08340 /* Debug */,
				CEDECBBA205CC3CD00C08340 /* Release */,
			);
			defaultConfigurationIsVisible = 0;
			defaultConfigurationName = Release;
		};
		CEDECBBB205CC3CD00C08340 /* Build configuration list for PBXNativeTarget "BBGestureBack_Full_oc" */ = {
			isa = XCConfigurationList;
			buildConfigurations = (
				CEDECBBC205CC3CD00C08340 /* Debug */,
				CEDECBBD205CC3CD00C08340 /* Release */,
			);
			defaultConfigurationIsVisible = 0;
			defaultConfigurationName = Release;
		};
		CFD0E996207A621D00E58465 /* Build configuration list for PBXNativeTarget "BBGestureBack_Full_swift" */ = {
			isa = XCConfigurationList;
			buildConfigurations = (
				CFD0E990207A621D00E58465 /* Debug */,
				CFD0E991207A621D00E58465 /* Release */,
			);
			defaultConfigurationIsVisible = 0;
			defaultConfigurationName = Release;
		};
/* End XCConfigurationList section */
	};
	rootObject = CEDECB87205CC3CD00C08340 /* Project object */;
}
