// !$*UTF8*$!
{
	archiveVersion = 1;
	classes = {
	};
	objectVersion = 46;
	objects = {

/* Begin PBXBuildFile section */
		5F11B95D1BEC48050063B4E4 /* main.m in Sources */ = {isa = PBXBuildFile; fileRef = 5F11B95C1BEC48050063B4E4 /* main.m */; };
		5F11B9601BEC48050063B4E4 /* AppDelegate.m in Sources */ = {isa = PBXBuildFile; fileRef = 5F11B95F1BEC48050063B4E4 /* AppDelegate.m */; };
		5F11B9631BEC48050063B4E4 /* ViewController.m in Sources */ = {isa = PBXBuildFile; fileRef = 5F11B9621BEC48050063B4E4 /* ViewController.m */; };
		5F11B9661BEC48050063B4E4 /* Main.storyboard in Resources */ = {isa = PBXBuildFile; fileRef = 5F11B9641BEC48050063B4E4 /* Main.storyboard */; };
		5F11B9681BEC48050063B4E4 /* Assets.xcassets in Resources */ = {isa = PBXBuildFile; fileRef = 5F11B9671BEC48050063B4E4 /* Assets.xcassets */; };
		5F11B96B1BEC48050063B4E4 /* LaunchScreen.storyboard in Resources */ = {isa = PBXBuildFile; fileRef = 5F11B9691BEC48050063B4E4 /* LaunchScreen.storyboard */; };
		5F11B9761BEC48050063B4E4 /* GestureTests.m in Sources */ = {isa = PBXBuildFile; fileRef = 5F11B9751BEC48050063B4E4 /* GestureTests.m */; };
		5F11B9811BEC48050063B4E4 /* GestureUITests.m in Sources */ = {isa = PBXBuildFile; fileRef = 5F11B9801BEC48050063B4E4 /* GestureUITests.m */; };
		5F11B9981BEC84C40063B4E4 /* PasswordButton.m in Sources */ = {isa = PBXBuildFile; fileRef = 5F11B9971BEC84C40063B4E4 /* PasswordButton.m */; settings = {ASSET_TAGS = (); }; };
		5F11B99B1BEC93090063B4E4 /* GestureView.m in Sources */ = {isa = PBXBuildFile; fileRef = 5F11B99A1BEC93090063B4E4 /* GestureView.m */; settings = {ASSET_TAGS = (); }; };
		5FF98BDC1BEDA20000DC55CB /* GestureViewController.m in Sources */ = {isa = PBXBuildFile; fileRef = 5FF98BDA1BEDA20000DC55CB /* GestureViewController.m */; settings = {ASSET_TAGS = (); }; };
		5FF98BE01BEF0C1000DC55CB /* PasswordAccount.m in Sources */ = {isa = PBXBuildFile; fileRef = 5FF98BDF1BEF0C1000DC55CB /* PasswordAccount.m */; settings = {ASSET_TAGS = (); }; };
		5FF98BE31BEF5E3300DC55CB /* GestureSettingViewController.m in Sources */ = {isa = PBXBuildFile; fileRef = 5FF98BE21BEF5E3300DC55CB /* GestureSettingViewController.m */; settings = {ASSET_TAGS = (); }; };
		5FF98BE71BEF5E6B00DC55CB /* SettingCell.m in Sources */ = {isa = PBXBuildFile; fileRef = 5FF98BE51BEF5E6B00DC55CB /* SettingCell.m */; settings = {ASSET_TAGS = (); }; };
		5FF98BE81BEF5E6B00DC55CB /* SettingCell.xib in Resources */ = {isa = PBXBuildFile; fileRef = 5FF98BE61BEF5E6B00DC55CB /* SettingCell.xib */; settings = {ASSET_TAGS = (); }; };
/* End PBXBuildFile section */

/* Begin PBXContainerItemProxy section */
		5F11B9721BEC48050063B4E4 /* PBXContainerItemProxy */ = {
			isa = PBXContainerItemProxy;
			containerPortal = 5F11B9501BEC48050063B4E4 /* Project object */;
			proxyType = 1;
			remoteGlobalIDString = 5F11B9571BEC48050063B4E4;
			remoteInfo = Gesture;
		};
		5F11B97D1BEC48050063B4E4 /* PBXContainerItemProxy */ = {
			isa = PBXContainerItemProxy;
			containerPortal = 5F11B9501BEC48050063B4E4 /* Project object */;
			proxyType = 1;
			remoteGlobalIDString = 5F11B9571BEC48050063B4E4;
			remoteInfo = Gesture;
		};
/* End PBXContainerItemProxy section */

/* Begin PBXFileReference section */
		5F11B9581BEC48050063B4E4 /* Gesture.app */ = {isa = PBXFileReference; explicitFileType = wrapper.application; includeInIndex = 0; path = Gesture.app; sourceTree = BUILT_PRODUCTS_DIR; };
		5F11B95C1BEC48050063B4E4 /* main.m */ = {isa = PBXFileReference; lastKnownFileType = sourcecode.c.objc; path = main.m; sourceTree = "<group>"; };
		5F11B95E1BEC48050063B4E4 /* AppDelegate.h */ = {isa = PBXFileReference; lastKnownFileType = sourcecode.c.h; path = AppDelegate.h; sourceTree = "<group>"; };
		5F11B95F1BEC48050063B4E4 /* AppDelegate.m */ = {isa = PBXFileReference; lastKnownFileType = sourcecode.c.objc; path = AppDelegate.m; sourceTree = "<group>"; };
		5F11B9611BEC48050063B4E4 /* ViewController.h */ = {isa = PBXFileReference; lastKnownFileType = sourcecode.c.h; path = ViewController.h; sourceTree = "<group>"; };
		5F11B9621BEC48050063B4E4 /* ViewController.m */ = {isa = PBXFileReference; lastKnownFileType = sourcecode.c.objc; path = ViewController.m; sourceTree = "<group>"; };
		5F11B9651BEC48050063B4E4 /* Base */ = {isa = PBXFileReference; lastKnownFileType = file.storyboard; name = Base; path = Base.lproj/Main.storyboard; sourceTree = "<group>"; };
		5F11B9671BEC48050063B4E4 /* Assets.xcassets */ = {isa = PBXFileReference; lastKnownFileType = folder.assetcatalog; path = Assets.xcassets; sourceTree = "<group>"; };
		5F11B96A1BEC48050063B4E4 /* Base */ = {isa = PBXFileReference; lastKnownFileType = file.storyboard; name = Base; path = Base.lproj/LaunchScreen.storyboard; sourceTree = "<group>"; };
		5F11B96C1BEC48050063B4E4 /* Info.plist */ = {isa = PBXFileReference; lastKnownFileType = text.plist.xml; path = Info.plist; sourceTree = "<group>"; };
		5F11B9711BEC48050063B4E4 /* GestureTests.xctest */ = {isa = PBXFileReference; explicitFileType = wrapper.cfbundle; includeInIndex = 0; path = GestureTests.xctest; sourceTree = BUILT_PRODUCTS_DIR; };
		5F11B9751BEC48050063B4E4 /* GestureTests.m */ = {isa = PBXFileReference; lastKnownFileType = sourcecode.c.objc; path = GestureTests.m; sourceTree = "<group>"; };
		5F11B9771BEC48050063B4E4 /* Info.plist */ = {isa = PBXFileReference; lastKnownFileType = text.plist.xml; path = Info.plist; sourceTree = "<group>"; };
		5F11B97C1BEC48050063B4E4 /* GestureUITests.xctest */ = {isa = PBXFileReference; explicitFileType = wrapper.cfbundle; includeInIndex = 0; path = GestureUITests.xctest; sourceTree = BUILT_PRODUCTS_DIR; };
		5F11B9801BEC48050063B4E4 /* GestureUITests.m */ = {isa = PBXFileReference; lastKnownFileType = sourcecode.c.objc; path = GestureUITests.m; sourceTree = "<group>"; };
		5F11B9821BEC48050063B4E4 /* Info.plist */ = {isa = PBXFileReference; lastKnownFileType = text.plist.xml; path = Info.plist; sourceTree = "<group>"; };
		5F11B9961BEC84C40063B4E4 /* PasswordButton.h */ = {isa = PBXFileReference; fileEncoding = 4; lastKnownFileType = sourcecode.c.h; path = PasswordButton.h; sourceTree = "<group>"; };
		5F11B9971BEC84C40063B4E4 /* PasswordButton.m */ = {isa = PBXFileReference; fileEncoding = 4; lastKnownFileType = sourcecode.c.objc; path = PasswordButton.m; sourceTree = "<group>"; };
		5F11B9991BEC93090063B4E4 /* GestureView.h */ = {isa = PBXFileReference; fileEncoding = 4; lastKnownFileType = sourcecode.c.h; path = GestureView.h; sourceTree = "<group>"; };
		5F11B99A1BEC93090063B4E4 /* GestureView.m */ = {isa = PBXFileReference; fileEncoding = 4; lastKnownFileType = sourcecode.c.objc; path = GestureView.m; sourceTree = "<group>"; };
		5FF98BD91BEDA20000DC55CB /* GestureViewController.h */ = {isa = PBXFileReference; fileEncoding = 4; lastKnownFileType = sourcecode.c.h; path = GestureViewController.h; sourceTree = "<group>"; };
		5FF98BDA1BEDA20000DC55CB /* GestureViewController.m */ = {isa = PBXFileReference; fileEncoding = 4; lastKnownFileType = sourcecode.c.objc; path = GestureViewController.m; sourceTree = "<group>"; };
		5FF98BDE1BEF0C1000DC55CB /* PasswordAccount.h */ = {isa = PBXFileReference; fileEncoding = 4; lastKnownFileType = sourcecode.c.h; path = PasswordAccount.h; sourceTree = "<group>"; };
		5FF98BDF1BEF0C1000DC55CB /* PasswordAccount.m */ = {isa = PBXFileReference; fileEncoding = 4; lastKnownFileType = sourcecode.c.objc; path = PasswordAccount.m; sourceTree = "<group>"; };
		5FF98BE11BEF5E3300DC55CB /* GestureSettingViewController.h */ = {isa = PBXFileReference; fileEncoding = 4; lastKnownFileType = sourcecode.c.h; path = GestureSettingViewController.h; sourceTree = "<group>"; };
		5FF98BE21BEF5E3300DC55CB /* GestureSettingViewController.m */ = {isa = PBXFileReference; fileEncoding = 4; lastKnownFileType = sourcecode.c.objc; path = GestureSettingViewController.m; sourceTree = "<group>"; };
		5FF98BE41BEF5E6B00DC55CB /* SettingCell.h */ = {isa = PBXFileReference; fileEncoding = 4; lastKnownFileType = sourcecode.c.h; path = SettingCell.h; sourceTree = "<group>"; };
		5FF98BE51BEF5E6B00DC55CB /* SettingCell.m */ = {isa = PBXFileReference; fileEncoding = 4; lastKnownFileType = sourcecode.c.objc; path = SettingCell.m; sourceTree = "<group>"; };
		5FF98BE61BEF5E6B00DC55CB /* SettingCell.xib */ = {isa = PBXFileReference; fileEncoding = 4; lastKnownFileType = file.xib; path = SettingCell.xib; sourceTree = "<group>"; };
/* End PBXFileReference section */

/* Begin PBXFrameworksBuildPhase section */
		5F11B9551BEC48050063B4E4 /* Frameworks */ = {
			isa = PBXFrameworksBuildPhase;
			buildActionMask = 2147483647;
			files = (
			);
			runOnlyForDeploymentPostprocessing = 0;
		};
		5F11B96E1BEC48050063B4E4 /* Frameworks */ = {
			isa = PBXFrameworksBuildPhase;
			buildActionMask = 2147483647;
			files = (
			);
			runOnlyForDeploymentPostprocessing = 0;
		};
		5F11B9791BEC48050063B4E4 /* Frameworks */ = {
			isa = PBXFrameworksBuildPhase;
			buildActionMask = 2147483647;
			files = (
			);
			runOnlyForDeploymentPostprocessing = 0;
		};
/* End PBXFrameworksBuildPhase section */

/* Begin PBXGroup section */
		5F11B94F1BEC48050063B4E4 = {
			isa = PBXGroup;
			children = (
				5F11B95A1BEC48050063B4E4 /* Gesture */,
				5F11B9741BEC48050063B4E4 /* GestureTests */,
				5F11B97F1BEC48050063B4E4 /* GestureUITests */,
				5F11B9591BEC48050063B4E4 /* Products */,
			);
			sourceTree = "<group>";
		};
		5F11B9591BEC48050063B4E4 /* Products */ = {
			isa = PBXGroup;
			children = (
				5F11B9581BEC48050063B4E4 /* Gesture.app */,
				5F11B9711BEC48050063B4E4 /* GestureTests.xctest */,
				5F11B97C1BEC48050063B4E4 /* GestureUITests.xctest */,
			);
			name = Products;
			sourceTree = "<group>";
		};
		5F11B95A1BEC48050063B4E4 /* Gesture */ = {
			isa = PBXGroup;
			children = (
				5F11B9951BEC84870063B4E4 /* yuanbin */,
				5F11B95E1BEC48050063B4E4 /* AppDelegate.h */,
				5F11B95F1BEC48050063B4E4 /* AppDelegate.m */,
				5F11B9611BEC48050063B4E4 /* ViewController.h */,
				5F11B9621BEC48050063B4E4 /* ViewController.m */,
				5F11B9641BEC48050063B4E4 /* Main.storyboard */,
				5F11B9671BEC48050063B4E4 /* Assets.xcassets */,
				5F11B9691BEC48050063B4E4 /* LaunchScreen.storyboard */,
				5F11B96C1BEC48050063B4E4 /* Info.plist */,
				5F11B95B1BEC48050063B4E4 /* Supporting Files */,
			);
			path = Gesture;
			sourceTree = "<group>";
		};
		5F11B95B1BEC48050063B4E4 /* Supporting Files */ = {
			isa = PBXGroup;
			children = (
				5F11B95C1BEC48050063B4E4 /* main.m */,
			);
			name = "Supporting Files";
			sourceTree = "<group>";
		};
		5F11B9741BEC48050063B4E4 /* GestureTests */ = {
			isa = PBXGroup;
			children = (
				5F11B9751BEC48050063B4E4 /* GestureTests.m */,
				5F11B9771BEC48050063B4E4 /* Info.plist */,
			);
			path = GestureTests;
			sourceTree = "<group>";
		};
		5F11B97F1BEC48050063B4E4 /* GestureUITests */ = {
			isa = PBXGroup;
			children = (
				5F11B9801BEC48050063B4E4 /* GestureUITests.m */,
				5F11B9821BEC48050063B4E4 /* Info.plist */,
			);
			path = GestureUITests;
			sourceTree = "<group>";
		};
		5F11B9951BEC84870063B4E4 /* yuanbin */ = {
			isa = PBXGroup;
			children = (
				5F11B9961BEC84C40063B4E4 /* PasswordButton.h */,
				5F11B9971BEC84C40063B4E4 /* PasswordButton.m */,
				5F11B9991BEC93090063B4E4 /* GestureView.h */,
				5F11B99A1BEC93090063B4E4 /* GestureView.m */,
				5FF98BD91BEDA20000DC55CB /* GestureViewController.h */,
				5FF98BDA1BEDA20000DC55CB /* GestureViewController.m */,
				5FF98BDE1BEF0C1000DC55CB /* PasswordAccount.h */,
				5FF98BDF1BEF0C1000DC55CB /* PasswordAccount.m */,
				5FF98BE11BEF5E3300DC55CB /* GestureSettingViewController.h */,
				5FF98BE21BEF5E3300DC55CB /* GestureSettingViewController.m */,
				5FF98BE41BEF5E6B00DC55CB /* SettingCell.h */,
				5FF98BE51BEF5E6B00DC55CB /* SettingCell.m */,
				5FF98BE61BEF5E6B00DC55CB /* SettingCell.xib */,
			);
			path = yuanbin;
			sourceTree = "<group>";
		};
/* End PBXGroup section */

/* Begin PBXNativeTarget section */
		5F11B9571BEC48050063B4E4 /* Gesture */ = {
			isa = PBXNativeTarget;
			buildConfigurationList = 5F11B9851BEC48050063B4E4 /* Build configuration list for PBXNativeTarget "Gesture" */;
			buildPhases = (
				5F11B9541BEC48050063B4E4 /* Sources */,
				5F11B9551BEC48050063B4E4 /* Frameworks */,
				5F11B9561BEC48050063B4E4 /* Resources */,
			);
			buildRules = (
			);
			dependencies = (
			);
			name = Gesture;
			productName = Gesture;
			productReference = 5F11B9581BEC48050063B4E4 /* Gesture.app */;
			productType = "com.apple.product-type.application";
		};
		5F11B9701BEC48050063B4E4 /* GestureTests */ = {
			isa = PBXNativeTarget;
			buildConfigurationList = 5F11B9881BEC48050063B4E4 /* Build configuration list for PBXNativeTarget "GestureTests" */;
			buildPhases = (
				5F11B96D1BEC48050063B4E4 /* Sources */,
				5F11B96E1BEC48050063B4E4 /* Frameworks */,
				5F11B96F1BEC48050063B4E4 /* Resources */,
			);
			buildRules = (
			);
			dependencies = (
				5F11B9731BEC48050063B4E4 /* PBXTargetDependency */,
			);
			name = GestureTests;
			productName = GestureTests;
			productReference = 5F11B9711BEC48050063B4E4 /* GestureTests.xctest */;
			productType = "com.apple.product-type.bundle.unit-test";
		};
		5F11B97B1BEC48050063B4E4 /* GestureUITests */ = {
			isa = PBXNativeTarget;
			buildConfigurationList = 5F11B98B1BEC48050063B4E4 /* Build configuration list for PBXNativeTarget "GestureUITests" */;
			buildPhases = (
				5F11B9781BEC48050063B4E4 /* Sources */,
				5F11B9791BEC48050063B4E4 /* Frameworks */,
				5F11B97A1BEC48050063B4E4 /* Resources */,
			);
			buildRules = (
			);
			dependencies = (
				5F11B97E1BEC48050063B4E4 /* PBXTargetDependency */,
			);
			name = GestureUITests;
			productName = GestureUITests;
			productReference = 5F11B97C1BEC48050063B4E4 /* GestureUITests.xctest */;
			productType = "com.apple.product-type.bundle.ui-testing";
		};
/* End PBXNativeTarget section */

/* Begin PBXProject section */
		5F11B9501BEC48050063B4E4 /* Project object */ = {
			isa = PBXProject;
			attributes = {
				LastUpgradeCheck = 0700;
				ORGANIZATIONNAME = yinbanke;
				TargetAttributes = {
					5F11B9571BEC48050063B4E4 = {
						CreatedOnToolsVersion = 7.0;
					};
					5F11B9701BEC48050063B4E4 = {
						CreatedOnToolsVersion = 7.0;
						TestTargetID = 5F11B9571BEC48050063B4E4;
					};
					5F11B97B1BEC48050063B4E4 = {
						CreatedOnToolsVersion = 7.0;
						TestTargetID = 5F11B9571BEC48050063B4E4;
					};
				};
			};
			buildConfigurationList = 5F11B9531BEC48050063B4E4 /* Build configuration list for PBXProject "Gesture" */;
			compatibilityVersion = "Xcode 3.2";
			developmentRegion = English;
			hasScannedForEncodings = 0;
			knownRegions = (
				en,
				Base,
			);
			mainGroup = 5F11B94F1BEC48050063B4E4;
			productRefGroup = 5F11B9591BEC48050063B4E4 /* Products */;
			projectDirPath = "";
			projectRoot = "";
			targets = (
				5F11B9571BEC48050063B4E4 /* Gesture */,
				5F11B9701BEC48050063B4E4 /* GestureTests */,
				5F11B97B1BEC48050063B4E4 /* GestureUITests */,
			);
		};
/* End PBXProject section */

/* Begin PBXResourcesBuildPhase section */
		5F11B9561BEC48050063B4E4 /* Resources */ = {
			isa = PBXResourcesBuildPhase;
			buildActionMask = 2147483647;
			files = (
				5F11B96B1BEC48050063B4E4 /* LaunchScreen.storyboard in Resources */,
				5F11B9681BEC48050063B4E4 /* Assets.xcassets in Resources */,
				5FF98BE81BEF5E6B00DC55CB /* SettingCell.xib in Resources */,
				5F11B9661BEC48050063B4E4 /* Main.storyboard in Resources */,
			);
			runOnlyForDeploymentPostprocessing = 0;
		};
		5F11B96F1BEC48050063B4E4 /* Resources */ = {
			isa = PBXResourcesBuildPhase;
			buildActionMask = 2147483647;
			files = (
			);
			runOnlyForDeploymentPostprocessing = 0;
		};
		5F11B97A1BEC48050063B4E4 /* Resources */ = {
			isa = PBXResourcesBuildPhase;
			buildActionMask = 2147483647;
			files = (
			);
			runOnlyForDeploymentPostprocessing = 0;
		};
/* End PBXResourcesBuildPhase section */

/* Begin PBXSourcesBuildPhase section */
		5F11B9541BEC48050063B4E4 /* Sources */ = {
			isa = PBXSourcesBuildPhase;
			buildActionMask = 2147483647;
			files = (
				5FF98BE01BEF0C1000DC55CB /* PasswordAccount.m in Sources */,
				5FF98BE31BEF5E3300DC55CB /* GestureSettingViewController.m in Sources */,
				5F11B9631BEC48050063B4E4 /* ViewController.m in Sources */,
				5FF98BDC1BEDA20000DC55CB /* GestureViewController.m in Sources */,
				5F11B9601BEC48050063B4E4 /* AppDelegate.m in Sources */,
				5F11B9981BEC84C40063B4E4 /* PasswordButton.m in Sources */,
				5FF98BE71BEF5E6B00DC55CB /* SettingCell.m in Sources */,
				5F11B99B1BEC93090063B4E4 /* GestureView.m in Sources */,
				5F11B95D1BEC48050063B4E4 /* main.m in Sources */,
			);
			runOnlyForDeploymentPostprocessing = 0;
		};
		5F11B96D1BEC48050063B4E4 /* Sources */ = {
			isa = PBXSourcesBuildPhase;
			buildActionMask = 2147483647;
			files = (
				5F11B9761BEC48050063B4E4 /* GestureTests.m in Sources */,
			);
			runOnlyForDeploymentPostprocessing = 0;
		};
		5F11B9781BEC48050063B4E4 /* Sources */ = {
			isa = PBXSourcesBuildPhase;
			buildActionMask = 2147483647;
			files = (
				5F11B9811BEC48050063B4E4 /* GestureUITests.m in Sources */,
			);
			runOnlyForDeploymentPostprocessing = 0;
		};
/* End PBXSourcesBuildPhase section */

/* Begin PBXTargetDependency section */
		5F11B9731BEC48050063B4E4 /* PBXTargetDependency */ = {
			isa = PBXTargetDependency;
			target = 5F11B9571BEC48050063B4E4 /* Gesture */;
			targetProxy = 5F11B9721BEC48050063B4E4 /* PBXContainerItemProxy */;
		};
		5F11B97E1BEC48050063B4E4 /* PBXTargetDependency */ = {
			isa = PBXTargetDependency;
			target = 5F11B9571BEC48050063B4E4 /* Gesture */;
			targetProxy = 5F11B97D1BEC48050063B4E4 /* PBXContainerItemProxy */;
		};
/* End PBXTargetDependency section */

/* Begin PBXVariantGroup section */
		5F11B9641BEC48050063B4E4 /* Main.storyboard */ = {
			isa = PBXVariantGroup;
			children = (
				5F11B9651BEC48050063B4E4 /* Base */,
			);
			name = Main.storyboard;
			sourceTree = "<group>";
		};
		5F11B9691BEC48050063B4E4 /* LaunchScreen.storyboard */ = {
			isa = PBXVariantGroup;
			children = (
				5F11B96A1BEC48050063B4E4 /* Base */,
			);
			name = LaunchScreen.storyboard;
			sourceTree = "<group>";
		};
/* End PBXVariantGroup section */

/* Begin XCBuildConfiguration section */
		5F11B9831BEC48050063B4E4 /* Debug */ = {
			isa = XCBuildConfiguration;
			buildSettings = {
				ALWAYS_SEARCH_USER_PATHS = NO;
				CLANG_CXX_LANGUAGE_STANDARD = "gnu++0x";
				CLANG_CXX_LIBRARY = "libc++";
				CLANG_ENABLE_MODULES = YES;
				CLANG_ENABLE_OBJC_ARC = YES;
				CLANG_WARN_BOOL_CONVERSION = YES;
				CLANG_WARN_CONSTANT_CONVERSION = YES;
				CLANG_WARN_DIRECT_OBJC_ISA_USAGE = YES_ERROR;
				CLANG_WARN_EMPTY_BODY = YES;
				CLANG_WARN_ENUM_CONVERSION = YES;
				CLANG_WARN_INT_CONVERSION = YES;
				CLANG_WARN_OBJC_ROOT_CLASS = YES_ERROR;
				CLANG_WARN_UNREACHABLE_CODE = YES;
				CLANG_WARN__DUPLICATE_METHOD_MATCH = YES;
				"CODE_SIGN_IDENTITY[sdk=iphoneos*]" = "iPhone Developer";
				COPY_PHASE_STRIP = NO;
				DEBUG_INFORMATION_FORMAT = dwarf;
				ENABLE_STRICT_OBJC_MSGSEND = YES;
				ENABLE_TESTABILITY = YES;
				GCC_C_LANGUAGE_STANDARD = gnu99;
				GCC_DYNAMIC_NO_PIC = NO;
				GCC_NO_COMMON_BLOCKS = YES;
				GCC_OPTIMIZATION_LEVEL = 0;
				GCC_PREPROCESSOR_DEFINITIONS = (
					"DEBUG=1",
					"$(inherited)",
				);
				GCC_WARN_64_TO_32_BIT_CONVERSION = YES;
				GCC_WARN_ABOUT_RETURN_TYPE = YES_ERROR;
				GCC_WARN_UNDECLARED_SELECTOR = YES;
				GCC_WARN_UNINITIALIZED_AUTOS = YES_AGGRESSIVE;
				GCC_WARN_UNUSED_FUNCTION = YES;
				GCC_WARN_UNUSED_VARIABLE = YES;
				IPHONEOS_DEPLOYMENT_TARGET = 9.0;
				MTL_ENABLE_DEBUG_INFO = YES;
				ONLY_ACTIVE_ARCH = YES;
				SDKROOT = iphoneos;
			};
			name = Debug;
		};
		5F11B9841BEC48050063B4E4 /* Release */ = {
			isa = XCBuildConfiguration;
			buildSettings = {
				ALWAYS_SEARCH_USER_PATHS = NO;
				CLANG_CXX_LANGUAGE_STANDARD = "gnu++0x";
				CLANG_CXX_LIBRARY = "libc++";
				CLANG_ENABLE_MODULES = YES;
				CLANG_ENABLE_OBJC_ARC = YES;
				CLANG_WARN_BOOL_CONVERSION = YES;
				CLANG_WARN_CONSTANT_CONVERSION = YES;
				CLANG_WARN_DIRECT_OBJC_ISA_USAGE = YES_ERROR;
				CLANG_WARN_EMPTY_BODY = YES;
				CLANG_WARN_ENUM_CONVERSION = YES;
				CLANG_WARN_INT_CONVERSION = YES;
				CLANG_WARN_OBJC_ROOT_CLASS = YES_ERROR;
				CLANG_WARN_UNREACHABLE_CODE = YES;
				CLANG_WARN__DUPLICATE_METHOD_MATCH = YES;
				"CODE_SIGN_IDENTITY[sdk=iphoneos*]" = "iPhone Developer";
				COPY_PHASE_STRIP = NO;
				DEBUG_INFORMATION_FORMAT = "dwarf-with-dsym";
				ENABLE_NS_ASSERTIONS = NO;
				ENABLE_STRICT_OBJC_MSGSEND = YES;
				GCC_C_LANGUAGE_STANDARD = gnu99;
				GCC_NO_COMMON_BLOCKS = YES;
				GCC_WARN_64_TO_32_BIT_CONVERSION = YES;
				GCC_WARN_ABOUT_RETURN_TYPE = YES_ERROR;
				GCC_WARN_UNDECLARED_SELECTOR = YES;
				GCC_WARN_UNINITIALIZED_AUTOS = YES_AGGRESSIVE;
				GCC_WARN_UNUSED_FUNCTION = YES;
				GCC_WARN_UNUSED_VARIABLE = YES;
				IPHONEOS_DEPLOYMENT_TARGET = 9.0;
				MTL_ENABLE_DEBUG_INFO = NO;
				SDKROOT = iphoneos;
				VALIDATE_PRODUCT = YES;
			};
			name = Release;
		};
		5F11B9861BEC48050063B4E4 /* Debug */ = {
			isa = XCBuildConfiguration;
			buildSettings = {
				ASSETCATALOG_COMPILER_APPICON_NAME = AppIcon;
				ENABLE_BITCODE = NO;
				INFOPLIST_FILE = Gesture/Info.plist;
				LD_RUNPATH_SEARCH_PATHS = "$(inherited) @executable_path/Frameworks";
				PRODUCT_BUNDLE_IDENTIFIER = cn.yinbanke.Gesture;
				PRODUCT_NAME = "$(TARGET_NAME)";
			};
			name = Debug;
		};
		5F11B9871BEC48050063B4E4 /* Release */ = {
			isa = XCBuildConfiguration;
			buildSettings = {
				ASSETCATALOG_COMPILER_APPICON_NAME = AppIcon;
				ENABLE_BITCODE = NO;
				INFOPLIST_FILE = Gesture/Info.plist;
				LD_RUNPATH_SEARCH_PATHS = "$(inherited) @executable_path/Frameworks";
				PRODUCT_BUNDLE_IDENTIFIER = cn.yinbanke.Gesture;
				PRODUCT_NAME = "$(TARGET_NAME)";
			};
			name = Release;
		};
		5F11B9891BEC48050063B4E4 /* Debug */ = {
			isa = XCBuildConfiguration;
			buildSettings = {
				BUNDLE_LOADER = "$(TEST_HOST)";
				INFOPLIST_FILE = GestureTests/Info.plist;
				LD_RUNPATH_SEARCH_PATHS = "$(inherited) @executable_path/Frameworks @loader_path/Frameworks";
				PRODUCT_BUNDLE_IDENTIFIER = cn.yinbanke.GestureTests;
				PRODUCT_NAME = "$(TARGET_NAME)";
				TEST_HOST = "$(BUILT_PRODUCTS_DIR)/Gesture.app/Gesture";
			};
			name = Debug;
		};
		5F11B98A1BEC48050063B4E4 /* Release */ = {
			isa = XCBuildConfiguration;
			buildSettings = {
				BUNDLE_LOADER = "$(TEST_HOST)";
				INFOPLIST_FILE = GestureTests/Info.plist;
				LD_RUNPATH_SEARCH_PATHS = "$(inherited) @executable_path/Frameworks @loader_path/Frameworks";
				PRODUCT_BUNDLE_IDENTIFIER = cn.yinbanke.GestureTests;
				PRODUCT_NAME = "$(TARGET_NAME)";
				TEST_HOST = "$(BUILT_PRODUCTS_DIR)/Gesture.app/Gesture";
			};
			name = Release;
		};
		5F11B98C1BEC48050063B4E4 /* Debug */ = {
			isa = XCBuildConfiguration;
			buildSettings = {
				INFOPLIST_FILE = GestureUITests/Info.plist;
				LD_RUNPATH_SEARCH_PATHS = "$(inherited) @executable_path/Frameworks @loader_path/Frameworks";
				PRODUCT_BUNDLE_IDENTIFIER = cn.yinbanke.GestureUITests;
				PRODUCT_NAME = "$(TARGET_NAME)";
				TEST_TARGET_NAME = Gesture;
				USES_XCTRUNNER = YES;
			};
			name = Debug;
		};
		5F11B98D1BEC48050063B4E4 /* Release */ = {
			isa = XCBuildConfiguration;
			buildSettings = {
				INFOPLIST_FILE = GestureUITests/Info.plist;
				LD_RUNPATH_SEARCH_PATHS = "$(inherited) @executable_path/Frameworks @loader_path/Frameworks";
				PRODUCT_BUNDLE_IDENTIFIER = cn.yinbanke.GestureUITests;
				PRODUCT_NAME = "$(TARGET_NAME)";
				TEST_TARGET_NAME = Gesture;
				USES_XCTRUNNER = YES;
			};
			name = Release;
		};
/* End XCBuildConfiguration section */

/* Begin XCConfigurationList section */
		5F11B9531BEC48050063B4E4 /* Build configuration list for PBXProject "Gesture" */ = {
			isa = XCConfigurationList;
			buildConfigurations = (
				5F11B9831BEC48050063B4E4 /* Debug */,
				5F11B9841BEC48050063B4E4 /* Release */,
			);
			defaultConfigurationIsVisible = 0;
			defaultConfigurationName = Release;
		};
		5F11B9851BEC48050063B4E4 /* Build configuration list for PBXNativeTarget "Gesture" */ = {
			isa = XCConfigurationList;
			buildConfigurations = (
				5F11B9861BEC48050063B4E4 /* Debug */,
				5F11B9871BEC48050063B4E4 /* Release */,
			);
			defaultConfigurationIsVisible = 0;
			defaultConfigurationName = Release;
		};
		5F11B9881BEC48050063B4E4 /* Build configuration list for PBXNativeTarget "GestureTests" */ = {
			isa = XCConfigurationList;
			buildConfigurations = (
				5F11B9891BEC48050063B4E4 /* Debug */,
				5F11B98A1BEC48050063B4E4 /* Release */,
			);
			defaultConfigurationIsVisible = 0;
			defaultConfigurationName = Release;
		};
		5F11B98B1BEC48050063B4E4 /* Build configuration list for PBXNativeTarget "GestureUITests" */ = {
			isa = XCConfigurationList;
			buildConfigurations = (
				5F11B98C1BEC48050063B4E4 /* Debug */,
				5F11B98D1BEC48050063B4E4 /* Release */,
			);
			defaultConfigurationIsVisible = 0;
			defaultConfigurationName = Release;
		};
/* End XCConfigurationList section */
	};
	rootObject = 5F11B9501BEC48050063B4E4 /* Project object */;
}
